{
  "name": "doc-mode",
  "version": "0.1.0",
  "lockfileVersion": 3,
  "requires": true,
  "packages": {
    "": {
      "name": "doc-mode",
      "version": "0.1.0",
      "dependencies": {
        "@super-productivity/plugin-api": "file:../../plugin-api",
        "@tiptap/core": "^2.10.0",
        "@tiptap/extension-bubble-menu": "^2.27.2",
        "@tiptap/extension-floating-menu": "^2.27.2",
        "@tiptap/extension-placeholder": "^2.10.0",
        "@tiptap/starter-kit": "^2.10.0",
        "@tiptap/suggestion": "^2.10.0"
      },
      "devDependencies": {
        "@types/node": "^22.15.33",
        "esbuild": "^0.28.1",
        "typescript": "^5.8.3"
      }
    },
    "../../plugin-api": {
      "name": "@super-productivity/plugin-api",
      "version": "1.0.1",
      "license": "MIT",
      "devDependencies": {
        "typescript": "^5.0.0"
      },
      "engines": {
        "node": ">=18.0.0"
      }
    },
    "node_modules/@esbuild/aix-ppc64": {
      "version": "0.28.1",
      "resolved": "https://registry.npmjs.org/@esbuild/aix-ppc64/-/aix-ppc64-0.28.1.tgz",
      "integrity": "sha512-Svl7tq8k/08+p6CXPpRjQ1fKX+1odH/BQbb48fV6fj3CWHhsoIOoY87w1oHXm0qEpkIK3ZfVgp0hed3XBXzXMQ==",
      "cpu": [
        "ppc64"
      ],
      "dev": true,
      "license": "MIT",
      "optional": true,
      "os": [
        "aix"
      ],
      "engines": {
        "node": ">=18"
      }
    },
    "node_modules/@esbuild/android-arm": {
      "version": "0.28.1",
      "resolved": "https://registry.npmjs.org/@esbuild/android-arm/-/android-arm-0.28.1.tgz",
      "integrity": "sha512-0k2F129Xdio1TdJfzJ8sy1Q47vUD2NnwdhiAf7drUN1EBTfPf4hsFCtmMgu/6m8JSzsBrlmVjudMBQqOfG8usQ==",
      "cpu": [
        "arm"
      ],
      "dev": true,
      "license": "MIT",
      "optional": true,
      "os": [
        "android"
      ],
      "engines": {
        "node": ">=18"
      }
    },
    "node_modules/@esbuild/android-arm64": {
      "version": "0.28.1",
      "resolved": "https://registry.npmjs.org/@esbuild/android-arm64/-/android-arm64-0.28.1.tgz",
      "integrity": "sha512-34EGEbCIAgosYz6goLcopX6Mo7NyGv9tfwEM2/7Ce2VcVRk568iSvniGWcUXIy7wEDR1wzolcxcriFVrWYcwBg==",
      "cpu": [
        "arm64"
      ],
      "dev": true,
      "license": "MIT",
      "optional": true,
      "os": [
        "android"
      ],
      "engines": {
        "node": ">=18"
      }
    },
    "node_modules/@esbuild/android-x64": {
      "version": "0.28.1",
      "resolved": "https://registry.npmjs.org/@esbuild/android-x64/-/android-x64-0.28.1.tgz",
      "integrity": "sha512-dbwY7ltSMDWsRatcRpCnES4F+im88OCUgGZjy52shC7GqHRE/cYlxNbB4Z4UpJswpcc4Qxd2oE/ufM0p61IKng==",
      "cpu": [
        "x64"
      ],
      "dev": true,
      "license": "MIT",
      "optional": true,
      "os": [
        "android"
      ],
      "engines": {
        "node": ">=18"
      }
    },
    "node_modules/@esbuild/darwin-arm64": {
      "version": "0.28.1",
      "resolved": "https://registry.npmjs.org/@esbuild/darwin-arm64/-/darwin-arm64-0.28.1.tgz",
      "integrity": "sha512-TZbWkQY7kvTAXbXUT7uVACR5cMHsDiSz9z7ZKAX/RTq/WJEk3QyRr0wZpNhBDX+/0CtdqUIJlOiodQcta6tY3Q==",
      "cpu": [
        "arm64"
      ],
      "dev": true,
      "license": "MIT",
      "optional": true,
      "os": [
        "darwin"
      ],
      "engines": {
        "node": ">=18"
      }
    },
    "node_modules/@esbuild/darwin-x64": {
      "version": "0.28.1",
      "resolved": "https://registry.npmjs.org/@esbuild/darwin-x64/-/darwin-x64-0.28.1.tgz",
      "integrity": "sha512-zfdzgK9ACBNZLI/CyHTOx81SyNbM6YXn7rxSgX97VjyiPl9W1i4Ka4fgKECEoFCKGpvBj5qArWIGgQjOwkgskQ==",
      "cpu": [
        "x64"
      ],
      "dev": true,
      "license": "MIT",
      "optional": true,
      "os": [
        "darwin"
      ],
      "engines": {
        "node": ">=18"
      }
    },
    "node_modules/@esbuild/freebsd-arm64": {
      "version": "0.28.1",
      "resolved": "https://registry.npmjs.org/@esbuild/freebsd-arm64/-/freebsd-arm64-0.28.1.tgz",
      "integrity": "sha512-wG2EA8ENdEI0qhkSZMjfqrdY+ziCYCPMmtZjjIwOmXFjmyzEHn+UUxk5of+SYsjtfs3VpnlC7QLzSI5hY/rOAw==",
      "cpu": [
        "arm64"
      ],
      "dev": true,
      "license": "MIT",
      "optional": true,
      "os": [
        "freebsd"
      ],
      "engines": {
        "node": ">=18"
      }
    },
    "node_modules/@esbuild/freebsd-x64": {
      "version": "0.28.1",
      "resolved": "https://registry.npmjs.org/@esbuild/freebsd-x64/-/freebsd-x64-0.28.1.tgz",
      "integrity": "sha512-i7dZ9vQgnvSCzi/rYCXNgtF/U+eKZNJBzu3eTQbRgHnM7tNSizLOkRFAl3qzVc/Op/u5YkHHa4pf/3DOYHthLQ==",
      "cpu": [
        "x64"
      ],
      "dev": true,
      "license": "MIT",
      "optional": true,
      "os": [
        "freebsd"
      ],
      "engines": {
        "node": ">=18"
      }
    },
    "node_modules/@esbuild/linux-arm": {
      "version": "0.28.1",
      "resolved": "https://registry.npmjs.org/@esbuild/linux-arm/-/linux-arm-0.28.1.tgz",
      "integrity": "sha512-qVXBOHQS+d5Y722GwJzJUtOLlX7km3CraOaGormF1pDtPd2C/l1SHRPgjLunLGe51Sh5YYWKMFDyV4SxgMQYTQ==",
      "cpu": [
        "arm"
      ],
      "dev": true,
      "license": "MIT",
      "optional": true,
      "os": [
        "linux"
      ],
      "engines": {
        "node": ">=18"
      }
    },
    "node_modules/@esbuild/linux-arm64": {
      "version": "0.28.1",
      "resolved": "https://registry.npmjs.org/@esbuild/linux-arm64/-/linux-arm64-0.28.1.tgz",
      "integrity": "sha512-yHs+0uc8+nvEAfAfxrWQKK5peSNzBc4PegcMO0EJ2hT71uA7vB8Ihg2e77R2P7SG5uYjPbHlLLmve4LLLRCf0g==",
      "cpu": [
        "arm64"
      ],
      "dev": true,
      "license": "MIT",
      "optional": true,
      "os": [
        "linux"
      ],
      "engines": {
        "node": ">=18"
      }
    },
    "node_modules/@esbuild/linux-ia32": {
      "version": "0.28.1",
      "resolved": "https://registry.npmjs.org/@esbuild/linux-ia32/-/linux-ia32-0.28.1.tgz",
      "integrity": "sha512-d1z4ZuP0ajrfz/FhGT4vv278rX8KnPPJx8i5+AtK7TYbx9Le9F1hyzurZpkEyjkGa9dUGhQow4C1NmeGvqxN2w==",
      "cpu": [
        "ia32"
      ],
      "dev": true,
      "license": "MIT",
      "optional": true,
      "os": [
        "linux"
      ],
      "engines": {
        "node": ">=18"
      }
    },
    "node_modules/@esbuild/linux-loong64": {
      "version": "0.28.1",
      "resolved": "https://registry.npmjs.org/@esbuild/linux-loong64/-/linux-loong64-0.28.1.tgz",
      "integrity": "sha512-M5sRjUVZrkm1OAPR3dlOYzNmN+loZKGVi1VUQGrwuqLcbR6qeAz+famMhjASeH3YVKvZz+zT1jlh/keC3Rj/lg==",
      "cpu": [
        "loong64"
      ],
      "dev": true,
      "license": "MIT",
      "optional": true,
      "os": [
        "linux"
      ],
      "engines": {
        "node": ">=18"
      }
    },
    "node_modules/@esbuild/linux-mips64el": {
      "version": "0.28.1",
      "resolved": "https://registry.npmjs.org/@esbuild/linux-mips64el/-/linux-mips64el-0.28.1.tgz",
      "integrity": "sha512-mRObBZeHh2OxcBFPWE/FjylkRgZdYuiTR3vaTozquCGOH14iP9oN4x4Ge81CoIDYQrXmIxpFumJBu5MtZpnQJQ==",
      "cpu": [
        "mips64el"
      ],
      "dev": true,
      "license": "MIT",
      "optional": true,
      "os": [
        "linux"
      ],
      "engines": {
        "node": ">=18"
      }
    },
    "node_modules/@esbuild/linux-ppc64": {
      "version": "0.28.1",
      "resolved": "https://registry.npmjs.org/@esbuild/linux-ppc64/-/linux-ppc64-0.28.1.tgz",
      "integrity": "sha512-slScBsMAb3GFDcdrCgLwZtPYRoH2H/youv10QiZyRjmsP48fznoveWytSgCI/R0ZcUgpc0ZhIUEx6LHts8yrfQ==",
      "cpu": [
        "ppc64"
      ],
      "dev": true,
      "license": "MIT",
      "optional": true,
      "os": [
        "linux"
      ],
      "engines": {
        "node": ">=18"
      }
    },
    "node_modules/@esbuild/linux-riscv64": {
      "version": "0.28.1",
      "resolved": "https://registry.npmjs.org/@esbuild/linux-riscv64/-/linux-riscv64-0.28.1.tgz",
      "integrity": "sha512-kw0owk1o0GFETUJyW0jc0G4Yzs0BHZn0JDZ8JRT088vjJYX777BAs1fDGxAC+q831qOs2DTC96mNsG2opdfyyQ==",
      "cpu": [
        "riscv64"
      ],
      "dev": true,
      "license": "MIT",
      "optional": true,
      "os": [
        "linux"
      ],
      "engines": {
        "node": ">=18"
      }
    },
    "node_modules/@esbuild/linux-s390x": {
      "version": "0.28.1",
      "resolved": "https://registry.npmjs.org/@esbuild/linux-s390x/-/linux-s390x-0.28.1.tgz",
      "integrity": "sha512-/lAIjX8aYFRByhh6L5rYtPEDRqa9de/4V/juOXcta5frjvzXO4/sqEtyytse0g3zZFuWu5cDN0MkLz2qRDD2Ag==",
      "cpu": [
        "s390x"
      ],
      "dev": true,
      "license": "MIT",
      "optional": true,
      "os": [
        "linux"
      ],
      "engines": {
        "node": ">=18"
      }
    },
    "node_modules/@esbuild/linux-x64": {
      "version": "0.28.1",
      "resolved": "https://registry.npmjs.org/@esbuild/linux-x64/-/linux-x64-0.28.1.tgz",
      "integrity": "sha512-u/anNYF2mmVOEDwLtnQ1wOr3EZ9sTNGLWrsYGYwHWzGA3Si84IOkHXlbWTD1NB+9/1lcnweYKO54uhxZydNzfA==",
      "cpu": [
        "x64"
      ],
      "dev": true,
      "license": "MIT",
      "optional": true,
      "os": [
        "linux"
      ],
      "engines": {
        "node": ">=18"
      }
    },
    "node_modules/@esbuild/netbsd-arm64": {
      "version": "0.28.1",
      "resolved": "https://registry.npmjs.org/@esbuild/netbsd-arm64/-/netbsd-arm64-0.28.1.tgz",
      "integrity": "sha512-oks0DYbLwWMmaakTsCb+zL4E+aHRVLom9IJZOAthMQEPiQmydXHkziYEsGYRx0uNV/IjEKGAV941JzH02pflqw==",
      "cpu": [
        "arm64"
      ],
      "dev": true,
      "license": "MIT",
      "optional": true,
      "os": [
        "netbsd"
      ],
      "engines": {
        "node": ">=18"
      }
    },
    "node_modules/@esbuild/netbsd-x64": {
      "version": "0.28.1",
      "resolved": "https://registry.npmjs.org/@esbuild/netbsd-x64/-/netbsd-x64-0.28.1.tgz",
      "integrity": "sha512-aeL6lAnN89Hz43Mlh1G8ARasbuoYvSITDEx0tHh5b7jJnHcssqgjy9Yx430GDpmCa6OyrKoS0aNRjKundRizGg==",
      "cpu": [
        "x64"
      ],
      "dev": true,
      "license": "MIT",
      "optional": true,
      "os": [
        "netbsd"
      ],
      "engines": {
        "node": ">=18"
      }
    },
    "node_modules/@esbuild/openbsd-arm64": {
      "version": "0.28.1",
      "resolved": "https://registry.npmjs.org/@esbuild/openbsd-arm64/-/openbsd-arm64-0.28.1.tgz",
      "integrity": "sha512-MEFJe5C3R8pwXdZ5Y21oo6m7ePiS0d9pWucn99O/wvyJZChoIQKrQDxKrGeW8F5+T0okTHesAmDeiHDTIq0V/Q==",
      "cpu": [
        "arm64"
      ],
      "dev": true,
      "license": "MIT",
      "optional": true,
      "os": [
        "openbsd"
      ],
      "engines": {
        "node": ">=18"
      }
    },
    "node_modules/@esbuild/openbsd-x64": {
      "version": "0.28.1",
      "resolved": "https://registry.npmjs.org/@esbuild/openbsd-x64/-/openbsd-x64-0.28.1.tgz",
      "integrity": "sha512-i/ZLIOafE0Z8cI/XANJAixoJL/uRAoS2xOA3rb0xN+KK0K177cMAsQYkzHtBrtMXAKuAc7HGgcWiZ/sRC1Nxgw==",
      "cpu": [
        "x64"
      ],
      "dev": true,
      "license": "MIT",
      "optional": true,
      "os": [
        "openbsd"
      ],
      "engines": {
        "node": ">=18"
      }
    },
    "node_modules/@esbuild/openharmony-arm64": {
      "version": "0.28.1",
      "resolved": "https://registry.npmjs.org/@esbuild/openharmony-arm64/-/openharmony-arm64-0.28.1.tgz",
      "integrity": "sha512-ge+Z7EXFNt2BO1oAMsVpiQ8EwndV9i1xXerAeTIK7AtPs3bKFXQM7nlRxDSIUIMeueR1CNXxqztLzdNeReKBJg==",
      "cpu": [
        "arm64"
      ],
      "dev": true,
      "license": "MIT",
      "optional": true,
      "os": [
        "openharmony"
      ],
      "engines": {
        "node": ">=18"
      }
    },
    "node_modules/@esbuild/sunos-x64": {
      "version": "0.28.1",
      "resolved": "https://registry.npmjs.org/@esbuild/sunos-x64/-/sunos-x64-0.28.1.tgz",
      "integrity": "sha512-BEjgtECkL3vY+SaSQ6nzVfiALUeFxpawyp8Jmf5PtYhf1Ug40N1h/hxlhts+f1FvSvarEigdxS3BlSMI2PJLcQ==",
      "cpu": [
        "x64"
      ],
      "dev": true,
      "license": "MIT",
      "optional": true,
      "os": [
        "sunos"
      ],
      "engines": {
        "node": ">=18"
      }
    },
    "node_modules/@esbuild/win32-arm64": {
      "version": "0.28.1",
      "resolved": "https://registry.npmjs.org/@esbuild/win32-arm64/-/win32-arm64-0.28.1.tgz",
      "integrity": "sha512-lCv9eK/H6ZJWbE7bh2nw54CZ9M2nupBxJcTsdk/QQnWkdSjKGuxmmH8/GWrlT1eMmZfn4dGcCjRte397WqfQXA==",
      "cpu": [
        "arm64"
      ],
      "dev": true,
      "license": "MIT",
      "optional": true,
      "os": [
        "win32"
      ],
      "engines": {
        "node": ">=18"
      }
    },
    "node_modules/@esbuild/win32-ia32": {
      "version": "0.28.1",
      "resolved": "https://registry.npmjs.org/@esbuild/win32-ia32/-/win32-ia32-0.28.1.tgz",
      "integrity": "sha512-zvb/mB2bSCoJOpoCBgYKKpX6YM6mJBlBUVUtVj41DlZJVEB6/0CKlRYxP5wWl1C1ILiCoAU5wZZ4q1P3qeS6Eg==",
      "cpu": [
        "ia32"
      ],
      "dev": true,
      "license": "MIT",
      "optional": true,
      "os": [
        "win32"
      ],
      "engines": {
        "node": ">=18"
      }
    },
    "node_modules/@esbuild/win32-x64": {
      "version": "0.28.1",
      "resolved": "https://registry.npmjs.org/@esbuild/win32-x64/-/win32-x64-0.28.1.tgz",
      "integrity": "sha512-bm4Mowrv+GXMlpWX++EcXw/iLyd1o3+bJkC2DkWXYVvgZCqD/bSj9ctZeAMC3cIxgjRVR2Dufaiu4YPxr5gW1A==",
      "cpu": [
        "x64"
      ],
      "dev": true,
      "license": "MIT",
      "optional": true,
      "os": [
        "win32"
      ],
      "engines": {
        "node": ">=18"
      }
    },
    "node_modules/@popperjs/core": {
      "version": "2.11.8",
      "resolved": "https://registry.npmjs.org/@popperjs/core/-/core-2.11.8.tgz",
      "integrity": "sha512-P1st0aksCrn9sGZhp8GMYwBnQsbvAWsZAX44oXNNvLHGqAOcoVxmjZiohstwQ7SqKnbR47akdNi+uleWD8+g6A==",
      "license": "MIT",
      "funding": {
        "type": "opencollective",
        "url": "https://opencollective.com/popperjs"
      }
    },
    "node_modules/@remirror/core-constants": {
      "version": "3.0.0",
      "resolved": "https://registry.npmjs.org/@remirror/core-constants/-/core-constants-3.0.0.tgz",
      "integrity": "sha512-42aWfPrimMfDKDi4YegyS7x+/0tlzaqwPQCULLanv3DMIlu96KTJR0fM5isWX2UViOqlGnX6YFgqWepcX+XMNg==",
      "license": "MIT"
    },
    "node_modules/@super-productivity/plugin-api": {
      "resolved": "../../plugin-api",
      "link": true
    },
    "node_modules/@tiptap/core": {
      "version": "2.27.2",
      "resolved": "https://registry.npmjs.org/@tiptap/core/-/core-2.27.2.tgz",
      "integrity": "sha512-ABL1N6eoxzDzC1bYvkMbvyexHacszsKdVPYqhl5GwHLOvpZcv9VE9QaKwDILTyz5voCA0lGcAAXZp+qnXOk5lQ==",
      "license": "MIT",
      "funding": {
        "type": "github",
        "url": "https://github.com/sponsors/ueberdosis"
      },
      "peerDependencies": {
        "@tiptap/pm": "^2.7.0"
      }
    },
    "node_modules/@tiptap/extension-blockquote": {
      "version": "2.27.2",
      "resolved": "https://registry.npmjs.org/@tiptap/extension-blockquote/-/extension-blockquote-2.27.2.tgz",
      "integrity": "sha512-oIGZgiAeA4tG3YxbTDfrmENL4/CIwGuP3THtHsNhwRqwsl9SfMk58Ucopi2GXTQSdYXpRJ0ahE6nPqB5D6j/Zw==",
      "license": "MIT",
      "funding": {
        "type": "github",
        "url": "https://github.com/sponsors/ueberdosis"
      },
      "peerDependencies": {
        "@tiptap/core": "^2.7.0"
      }
    },
    "node_modules/@tiptap/extension-bold": {
      "version": "2.27.2",
      "resolved": "https://registry.npmjs.org/@tiptap/extension-bold/-/extension-bold-2.27.2.tgz",
      "integrity": "sha512-bR7J5IwjCGQ0s3CIxyMvOCnMFMzIvsc5OVZKscTN5UkXzFsaY6muUAIqtKxayBUucjtUskm5qZowJITCeCb1/A==",
      "license": "MIT",
      "funding": {
        "type": "github",
        "url": "https://github.com/sponsors/ueberdosis"
      },
      "peerDependencies": {
        "@tiptap/core": "^2.7.0"
      }
    },
    "node_modules/@tiptap/extension-bubble-menu": {
      "version": "2.27.2",
      "resolved": "https://registry.npmjs.org/@tiptap/extension-bubble-menu/-/extension-bubble-menu-2.27.2.tgz",
      "integrity": "sha512-VkwlCOcr0abTBGzjPXklJ92FCowG7InU8+Od9FyApdLNmn0utRYGRhw0Zno6VgE9EYr1JY4BRnuSa5f9wlR72w==",
      "license": "MIT",
      "dependencies": {
        "tippy.js": "^6.3.7"
      },
      "funding": {
        "type": "github",
        "url": "https://github.com/sponsors/ueberdosis"
      },
      "peerDependencies": {
        "@tiptap/core": "^2.7.0",
        "@tiptap/pm": "^2.7.0"
      }
    },
    "node_modules/@tiptap/extension-bullet-list": {
      "version": "2.27.2",
      "resolved": "https://registry.npmjs.org/@tiptap/extension-bullet-list/-/extension-bullet-list-2.27.2.tgz",
      "integrity": "sha512-gmFuKi97u5f8uFc/GQs+zmezjiulZmFiDYTh3trVoLRoc2SAHOjGEB7qxdx7dsqmMN7gwiAWAEVurLKIi1lnnw==",
      "license": "MIT",
      "funding": {
        "type": "github",
        "url": "https://github.com/sponsors/ueberdosis"
      },
      "peerDependencies": {
        "@tiptap/core": "^2.7.0"
      }
    },
    "node_modules/@tiptap/extension-code": {
      "version": "2.27.2",
      "resolved": "https://registry.npmjs.org/@tiptap/extension-code/-/extension-code-2.27.2.tgz",
      "integrity": "sha512-7X9AgwqiIGXoZX7uvdHQsGsjILnN/JaEVtqfXZnPECzKGaWHeK/Ao4sYvIIIffsyZJA8k5DC7ny2/0sAgr2TuA==",
      "license": "MIT",
      "funding": {
        "type": "github",
        "url": "https://github.com/sponsors/ueberdosis"
      },
      "peerDependencies": {
        "@tiptap/core": "^2.7.0"
      }
    },
    "node_modules/@tiptap/extension-code-block": {
      "version": "2.27.2",
      "resolved": "https://registry.npmjs.org/@tiptap/extension-code-block/-/extension-code-block-2.27.2.tgz",
      "integrity": "sha512-KgvdQHS4jXr79aU3wZOGBIZYYl9vCB7uDEuRFV4so2rYrfmiYMw3T8bTnlNEEGe4RUeAms1i4fdwwvQp9nR1Dw==",
      "license": "MIT",
      "funding": {
        "type": "github",
        "url": "https://github.com/sponsors/ueberdosis"
      },
      "peerDependencies": {
        "@tiptap/core": "^2.7.0",
        "@tiptap/pm": "^2.7.0"
      }
    },
    "node_modules/@tiptap/extension-document": {
      "version": "2.27.2",
      "resolved": "https://registry.npmjs.org/@tiptap/extension-document/-/extension-document-2.27.2.tgz",
      "integrity": "sha512-CFhAYsPnyYnosDC4639sCJnBUnYH4Cat9qH5NZWHVvdgtDwu8GZgZn2eSzaKSYXWH1vJ9DSlCK+7UyC3SNXIBA==",
      "license": "MIT",
      "funding": {
        "type": "github",
        "url": "https://github.com/sponsors/ueberdosis"
      },
      "peerDependencies": {
        "@tiptap/core": "^2.7.0"
      }
    },
    "node_modules/@tiptap/extension-dropcursor": {
      "version": "2.27.2",
      "resolved": "https://registry.npmjs.org/@tiptap/extension-dropcursor/-/extension-dropcursor-2.27.2.tgz",
      "integrity": "sha512-oEu/OrktNoQXq1x29NnH/GOIzQZm8ieTQl3FK27nxfBPA89cNoH4mFEUmBL5/OFIENIjiYG3qWpg6voIqzswNw==",
      "license": "MIT",
      "funding": {
        "type": "github",
        "url": "https://github.com/sponsors/ueberdosis"
      },
      "peerDependencies": {
        "@tiptap/core": "^2.7.0",
        "@tiptap/pm": "^2.7.0"
      }
    },
    "node_modules/@tiptap/extension-floating-menu": {
      "version": "2.27.2",
      "resolved": "https://registry.npmjs.org/@tiptap/extension-floating-menu/-/extension-floating-menu-2.27.2.tgz",
      "integrity": "sha512-GUN6gPIGXS7ngRJOwdSmtBRBDt9Kt9CM/9pSwKebhLJ+honFoNA+Y6IpVyDvvDMdVNgBchiJLs6qA5H97gAePQ==",
      "license": "MIT",
      "dependencies": {
        "tippy.js": "^6.3.7"
      },
      "funding": {
        "type": "github",
        "url": "https://github.com/sponsors/ueberdosis"
      },
      "peerDependencies": {
        "@tiptap/core": "^2.7.0",
        "@tiptap/pm": "^2.7.0"
      }
    },
    "node_modules/@tiptap/extension-gapcursor": {
      "version": "2.27.2",
      "resolved": "https://registry.npmjs.org/@tiptap/extension-gapcursor/-/extension-gapcursor-2.27.2.tgz",
      "integrity": "sha512-/c9VF1HBxj+AP54XGVgCmD9bEGYc5w5OofYCFQgM7l7PB1J00A4vOke0oPkHJnqnOOyPlFaxO/7N6l3XwFcnKA==",
      "license": "MIT",
      "funding": {
        "type": "github",
        "url": "https://github.com/sponsors/ueberdosis"
      },
      "peerDependencies": {
        "@tiptap/core": "^2.7.0",
        "@tiptap/pm": "^2.7.0"
      }
    },
    "node_modules/@tiptap/extension-hard-break": {
      "version": "2.27.2",
      "resolved": "https://registry.npmjs.org/@tiptap/extension-hard-break/-/extension-hard-break-2.27.2.tgz",
      "integrity": "sha512-kSRVGKlCYK6AGR0h8xRkk0WOFGXHIIndod3GKgWU49APuIGDiXd8sziXsSlniUsWmqgDmDXcNnSzPcV7AQ8YNg==",
      "license": "MIT",
      "funding": {
        "type": "github",
        "url": "https://github.com/sponsors/ueberdosis"
      },
      "peerDependencies": {
        "@tiptap/core": "^2.7.0"
      }
    },
    "node_modules/@tiptap/extension-heading": {
      "version": "2.27.2",
      "resolved": "https://registry.npmjs.org/@tiptap/extension-heading/-/extension-heading-2.27.2.tgz",
      "integrity": "sha512-iM3yeRWuuQR/IRQ1djwNooJGfn9Jts9zF43qZIUf+U2NY8IlvdNsk2wTOdBgh6E0CamrStPxYGuln3ZS4fuglw==",
      "license": "MIT",
      "funding": {
        "type": "github",
        "url": "https://github.com/sponsors/ueberdosis"
      },
      "peerDependencies": {
        "@tiptap/core": "^2.7.0"
      }
    },
    "node_modules/@tiptap/extension-history": {
      "version": "2.27.2",
      "resolved": "https://registry.npmjs.org/@tiptap/extension-history/-/extension-history-2.27.2.tgz",
      "integrity": "sha512-+hSyqERoFNTWPiZx4/FCyZ/0eFqB9fuMdTB4AC/q9iwu3RNWAQtlsJg5230bf/qmyO6bZxRUc0k8p4hrV6ybAw==",
      "license": "MIT",
      "funding": {
        "type": "github",
        "url": "https://github.com/sponsors/ueberdosis"
      },
      "peerDependencies": {
        "@tiptap/core": "^2.7.0",
        "@tiptap/pm": "^2.7.0"
      }
    },
    "node_modules/@tiptap/extension-horizontal-rule": {
      "version": "2.27.2",
      "resolved": "https://registry.npmjs.org/@tiptap/extension-horizontal-rule/-/extension-horizontal-rule-2.27.2.tgz",
      "integrity": "sha512-WGWUSgX+jCsbtf9Y9OCUUgRZYuwjVoieW5n6mAUohJ9/6gc6sGIOrUpBShf+HHo6WD+gtQjRd+PssmX3NPWMpg==",
      "license": "MIT",
      "funding": {
        "type": "github",
        "url": "https://github.com/sponsors/ueberdosis"
      },
      "peerDependencies": {
        "@tiptap/core": "^2.7.0",
        "@tiptap/pm": "^2.7.0"
      }
    },
    "node_modules/@tiptap/extension-italic": {
      "version": "2.27.2",
      "resolved": "https://registry.npmjs.org/@tiptap/extension-italic/-/extension-italic-2.27.2.tgz",
      "integrity": "sha512-1OFsw2SZqfaqx5Fa5v90iNlPRcqyt+lVSjBwTDzuPxTPFY4Q0mL89mKgkq2gVHYNCiaRkXvFLDxaSvBWbmthgg==",
      "license": "MIT",
      "funding": {
        "type": "github",
        "url": "https://github.com/sponsors/ueberdosis"
      },
      "peerDependencies": {
        "@tiptap/core": "^2.7.0"
      }
    },
    "node_modules/@tiptap/extension-list-item": {
      "version": "2.27.2",
      "resolved": "https://registry.npmjs.org/@tiptap/extension-list-item/-/extension-list-item-2.27.2.tgz",
      "integrity": "sha512-eJNee7IEGXMnmygM5SdMGDC8m/lMWmwNGf9fPCK6xk0NxuQRgmZHL6uApKcdH6gyNcRPHCqvTTkhEP7pbny/fg==",
      "license": "MIT",
      "funding": {
        "type": "github",
        "url": "https://github.com/sponsors/ueberdosis"
      },
      "peerDependencies": {
        "@tiptap/core": "^2.7.0"
      }
    },
    "node_modules/@tiptap/extension-ordered-list": {
      "version": "2.27.2",
      "resolved": "https://registry.npmjs.org/@tiptap/extension-ordered-list/-/extension-ordered-list-2.27.2.tgz",
      "integrity": "sha512-M7A4tLGJcLPYdLC4CI2Gwl8LOrENQW59u3cMVa+KkwG1hzSJyPsbDpa1DI6oXPC2WtYiTf22zrbq3gVvH+KA2w==",
      "license": "MIT",
      "funding": {
        "type": "github",
        "url": "https://github.com/sponsors/ueberdosis"
      },
      "peerDependencies": {
        "@tiptap/core": "^2.7.0"
      }
    },
    "node_modules/@tiptap/extension-paragraph": {
      "version": "2.27.2",
      "resolved": "https://registry.npmjs.org/@tiptap/extension-paragraph/-/extension-paragraph-2.27.2.tgz",
      "integrity": "sha512-elYVn2wHJJ+zB9LESENWOAfI4TNT0jqEN34sMA/hCtA4im1ZG2DdLHwkHIshj/c4H0dzQhmsS/YmNC5Vbqab/A==",
      "license": "MIT",
      "funding": {
        "type": "github",
        "url": "https://github.com/sponsors/ueberdosis"
      },
      "peerDependencies": {
        "@tiptap/core": "^2.7.0"
      }
    },
    "node_modules/@tiptap/extension-placeholder": {
      "version": "2.27.2",
      "resolved": "https://registry.npmjs.org/@tiptap/extension-placeholder/-/extension-placeholder-2.27.2.tgz",
      "integrity": "sha512-IjsgSVYJRjpAKmIoapU0E2R4E2FPY3kpvU7/1i7PUYisylqejSJxmtJPGYw0FOMQY9oxnEEvfZHMBA610tqKpg==",
      "license": "MIT",
      "funding": {
        "type": "github",
        "url": "https://github.com/sponsors/ueberdosis"
      },
      "peerDependencies": {
        "@tiptap/core": "^2.7.0",
        "@tiptap/pm": "^2.7.0"
      }
    },
    "node_modules/@tiptap/extension-strike": {
      "version": "2.27.2",
      "resolved": "https://registry.npmjs.org/@tiptap/extension-strike/-/extension-strike-2.27.2.tgz",
      "integrity": "sha512-HHIjhafLhS2lHgfAsCwC1okqMsQzR4/mkGDm4M583Yftyjri1TNA7lzhzXWRFWiiMfJxKtdjHjUAQaHuteRTZw==",
      "license": "MIT",
      "funding": {
        "type": "github",
        "url": "https://github.com/sponsors/ueberdosis"
      },
      "peerDependencies": {
        "@tiptap/core": "^2.7.0"
      }
    },
    "node_modules/@tiptap/extension-text": {
      "version": "2.27.2",
      "resolved": "https://registry.npmjs.org/@tiptap/extension-text/-/extension-text-2.27.2.tgz",
      "integrity": "sha512-Xk7nYcigljAY0GO9hAQpZ65ZCxqOqaAlTPDFcKerXmlkQZP/8ndx95OgUb1Xf63kmPOh3xypurGS2is3v0MXSA==",
      "license": "MIT",
      "funding": {
        "type": "github",
        "url": "https://github.com/sponsors/ueberdosis"
      },
      "peerDependencies": {
        "@tiptap/core": "^2.7.0"
      }
    },
    "node_modules/@tiptap/extension-text-style": {
      "version": "2.27.2",
      "resolved": "https://registry.npmjs.org/@tiptap/extension-text-style/-/extension-text-style-2.27.2.tgz",
      "integrity": "sha512-Omk+uxjJLyEY69KStpCw5fA9asvV+MGcAX2HOxyISDFoLaL49TMrNjhGAuz09P1L1b0KGXo4ml7Q3v/Lfy4WPA==",
      "license": "MIT",
      "funding": {
        "type": "github",
        "url": "https://github.com/sponsors/ueberdosis"
      },
      "peerDependencies": {
        "@tiptap/core": "^2.7.0"
      }
    },
    "node_modules/@tiptap/pm": {
      "version": "2.27.2",
      "resolved": "https://registry.npmjs.org/@tiptap/pm/-/pm-2.27.2.tgz",
      "integrity": "sha512-kaEg7BfiJPDQMKbjVIzEPO3wlcA+pZb2tlcK9gPrdDnEFaec2QTF1sXz2ak2IIb2curvnIrQ4yrfHgLlVA72wA==",
      "license": "MIT",
      "dependencies": {
        "prosemirror-changeset": "^2.3.0",
        "prosemirror-collab": "^1.3.1",
        "prosemirror-commands": "^1.6.2",
        "prosemirror-dropcursor": "^1.8.1",
        "prosemirror-gapcursor": "^1.3.2",
        "prosemirror-history": "^1.4.1",
        "prosemirror-inputrules": "^1.4.0",
        "prosemirror-keymap": "^1.2.2",
        "prosemirror-markdown": "^1.13.1",
        "prosemirror-menu": "^1.2.4",
        "prosemirror-model": "^1.23.0",
        "prosemirror-schema-basic": "^1.2.3",
        "prosemirror-schema-list": "^1.4.1",
        "prosemirror-state": "^1.4.3",
        "prosemirror-tables": "^1.6.4",
        "prosemirror-trailing-node": "^3.0.0",
        "prosemirror-transform": "^1.10.2",
        "prosemirror-view": "^1.37.0"
      },
      "funding": {
        "type": "github",
        "url": "https://github.com/sponsors/ueberdosis"
      }
    },
    "node_modules/@tiptap/starter-kit": {
      "version": "2.27.2",
      "resolved": "https://registry.npmjs.org/@tiptap/starter-kit/-/starter-kit-2.27.2.tgz",
      "integrity": "sha512-bb0gJvPoDuyRUQ/iuN52j1//EtWWttw+RXAv1uJxfR0uKf8X7uAqzaOOgwjknoCIDC97+1YHwpGdnRjpDkOBxw==",
      "license": "MIT",
      "dependencies": {
        "@tiptap/core": "^2.27.2",
        "@tiptap/extension-blockquote": "^2.27.2",
        "@tiptap/extension-bold": "^2.27.2",
        "@tiptap/extension-bullet-list": "^2.27.2",
        "@tiptap/extension-code": "^2.27.2",
        "@tiptap/extension-code-block": "^2.27.2",
        "@tiptap/extension-document": "^2.27.2",
        "@tiptap/extension-dropcursor": "^2.27.2",
        "@tiptap/extension-gapcursor": "^2.27.2",
        "@tiptap/extension-hard-break": "^2.27.2",
        "@tiptap/extension-heading": "^2.27.2",
        "@tiptap/extension-history": "^2.27.2",
        "@tiptap/extension-horizontal-rule": "^2.27.2",
        "@tiptap/extension-italic": "^2.27.2",
        "@tiptap/extension-list-item": "^2.27.2",
        "@tiptap/extension-ordered-list": "^2.27.2",
        "@tiptap/extension-paragraph": "^2.27.2",
        "@tiptap/extension-strike": "^2.27.2",
        "@tiptap/extension-text": "^2.27.2",
        "@tiptap/extension-text-style": "^2.27.2",
        "@tiptap/pm": "^2.27.2"
      },
      "funding": {
        "type": "github",
        "url": "https://github.com/sponsors/ueberdosis"
      }
    },
    "node_modules/@tiptap/suggestion": {
      "version": "2.27.2",
      "resolved": "https://registry.npmjs.org/@tiptap/suggestion/-/suggestion-2.27.2.tgz",
      "integrity": "sha512-dQyvCIg0hcAVeh4fCIVCxogvbp+bF+GpbUb8sNlgnGrmHXnapGxzkvrlHnvneXZxLk/j7CxmBPKJNnm4Pbx4zw==",
      "license": "MIT",
      "funding": {
        "type": "github",
        "url": "https://github.com/sponsors/ueberdosis"
      },
      "peerDependencies": {
        "@tiptap/core": "^2.7.0",
        "@tiptap/pm": "^2.7.0"
      }
    },
    "node_modules/@types/linkify-it": {
      "version": "5.0.0",
      "resolved": "https://registry.npmjs.org/@types/linkify-it/-/linkify-it-5.0.0.tgz",
      "integrity": "sha512-sVDA58zAw4eWAffKOaQH5/5j3XeayukzDk+ewSsnv3p4yJEZHCCzMDiZM8e0OUrRvmpGZ85jf4yDHkHsgBNr9Q==",
      "license": "MIT"
    },
    "node_modules/@types/markdown-it": {
      "version": "14.1.2",
      "resolved": "https://registry.npmjs.org/@types/markdown-it/-/markdown-it-14.1.2.tgz",
      "integrity": "sha512-promo4eFwuiW+TfGxhi+0x3czqTYJkG8qB17ZUJiVF10Xm7NLVRSLUsfRTU/6h1e24VvRnXCx+hG7li58lkzog==",
      "license": "MIT",
      "dependencies": {
        "@types/linkify-it": "^5",
        "@types/mdurl": "^2"
      }
    },
    "node_modules/@types/mdurl": {
      "version": "2.0.0",
      "resolved": "https://registry.npmjs.org/@types/mdurl/-/mdurl-2.0.0.tgz",
      "integrity": "sha512-RGdgjQUZba5p6QEFAVx2OGb8rQDL/cPRG7GiedRzMcJ1tYnUANBncjbSB1NRGwbvjcPeikRABz2nshyPk1bhWg==",
      "license": "MIT"
    },
    "node_modules/@types/node": {
      "version": "22.19.19",
      "resolved": "https://registry.npmjs.org/@types/node/-/node-22.19.19.tgz",
      "integrity": "sha512-dyh/xO2Fh5bYrfWaaqGrRQQGkNdmYw6AmaAUvYeUMNTWQtvb796ikLdmTchRmOlOiIJ1TDXfWgVx1QkUlQ6Hew==",
      "dev": true,
      "license": "MIT",
      "dependencies": {
        "undici-types": "~6.21.0"
      }
    },
    "node_modules/argparse": {
      "version": "2.0.1",
      "resolved": "https://registry.npmjs.org/argparse/-/argparse-2.0.1.tgz",
      "integrity": "sha512-8+9WqebbFzpX9OR+Wa6O29asIogeRMzcGtAINdpMHHyAg10f05aSFVBbcEqGf/PXw1EjAZ+q2/bEBg3DvurK3Q==",
      "license": "Python-2.0"
    },
    "node_modules/crelt": {
      "version": "1.0.6",
      "resolved": "https://registry.npmjs.org/crelt/-/crelt-1.0.6.tgz",
      "integrity": "sha512-VQ2MBenTq1fWZUH9DJNGti7kKv6EeAuYr3cLwxUWhIu1baTaXh4Ib5W2CqHVqib4/MqbYGJqiL3Zb8GJZr3l4g==",
      "license": "MIT"
    },
    "node_modules/entities": {
      "version": "4.5.0",
      "resolved": "https://registry.npmjs.org/entities/-/entities-4.5.0.tgz",
      "integrity": "sha512-V0hjH4dGPh9Ao5p0MoRY6BVqtwCjhz6vI5LT8AJ55H+4g9/4vbHx1I54fS0XuclLhDHArPQCiMjDxjaL8fPxhw==",
      "license": "BSD-2-Clause",
      "engines": {
        "node": ">=0.12"
      },
      "funding": {
        "url": "https://github.com/fb55/entities?sponsor=1"
      }
    },
    "node_modules/esbuild": {
      "version": "0.28.1",
      "resolved": "https://registry.npmjs.org/esbuild/-/esbuild-0.28.1.tgz",
      "integrity": "sha512-HrJrvZv5ayxBzPfwphOoNzkzOIIlifzk0KJrGK2c8R4+LKpMtpYLQeUdjnwjWv/LZlkH2laZk+4w78pi99D4Vw==",
      "dev": true,
      "hasInstallScript": true,
      "license": "MIT",
      "bin": {
        "esbuild": "bin/esbuild"
      },
      "engines": {
        "node": ">=18"
      },
      "optionalDependencies": {
        "@esbuild/aix-ppc64": "0.28.1",
        "@esbuild/android-arm": "0.28.1",
        "@esbuild/android-arm64": "0.28.1",
        "@esbuild/android-x64": "0.28.1",
        "@esbuild/darwin-arm64": "0.28.1",
        "@esbuild/darwin-x64": "0.28.1",
        "@esbuild/freebsd-arm64": "0.28.1",
        "@esbuild/freebsd-x64": "0.28.1",
        "@esbuild/linux-arm": "0.28.1",
        "@esbuild/linux-arm64": "0.28.1",
        "@esbuild/linux-ia32": "0.28.1",
        "@esbuild/linux-loong64": "0.28.1",
        "@esbuild/linux-mips64el": "0.28.1",
        "@esbuild/linux-ppc64": "0.28.1",
        "@esbuild/linux-riscv64": "0.28.1",
        "@esbuild/linux-s390x": "0.28.1",
        "@esbuild/linux-x64": "0.28.1",
        "@esbuild/netbsd-arm64": "0.28.1",
        "@esbuild/netbsd-x64": "0.28.1",
        "@esbuild/openbsd-arm64": "0.28.1",
        "@esbuild/openbsd-x64": "0.28.1",
        "@esbuild/openharmony-arm64": "0.28.1",
        "@esbuild/sunos-x64": "0.28.1",
        "@esbuild/win32-arm64": "0.28.1",
        "@esbuild/win32-ia32": "0.28.1",
        "@esbuild/win32-x64": "0.28.1"
      }
    },
    "node_modules/escape-string-regexp": {
      "version": "4.0.0",
      "resolved": "https://registry.npmjs.org/escape-string-regexp/-/escape-string-regexp-4.0.0.tgz",
      "integrity": "sha512-TtpcNJ3XAzx3Gq8sWRzJaVajRs0uVxA2YAkdb1jm2YkPz4G6egUFAyA3n5vtEIZefPk5Wa4UXbKuS5fKkJWdgA==",
      "license": "MIT",
      "engines": {
        "node": ">=10"
      },
      "funding": {
        "url": "https://github.com/sponsors/sindresorhus"
      }
    },
    "node_modules/linkify-it": {
      "version": "5.0.2",
      "resolved": "https://registry.npmjs.org/linkify-it/-/linkify-it-5.0.2.tgz",
      "integrity": "sha512-ONTm2jCMAVZjgQa/Fy1kScXsuOoF5NPTsoFBdE1KVIZ2vAh/r9+Bqo+0jINCBYnavTPQZz38QzFTme79ENoN3Q==",
      "funding": [
        {
          "type": "github",
          "url": "https://github.com/sponsors/puzrin"
        },
        {
          "type": "github",
          "url": "https://github.com/sponsors/markdown-it"
        }
      ],
      "license": "MIT",
      "dependencies": {
        "uc.micro": "^2.0.0"
      }
    },
    "node_modules/markdown-it": {
      "version": "14.2.0",
      "resolved": "https://registry.npmjs.org/markdown-it/-/markdown-it-14.2.0.tgz",
      "integrity": "sha512-1TGiQiJVRQ3NPmZH6sx5Cfnmg6GQm9jvC1ch4TK511NjSJvjzKLzn5pPfZRNZkRPZP0HqCioSndqH8v2nRaWVQ==",
      "funding": [
        {
          "type": "github",
          "url": "https://github.com/sponsors/puzrin"
        },
        {
          "type": "github",
          "url": "https://github.com/sponsors/markdown-it"
        }
      ],
      "license": "MIT",
      "dependencies": {
        "argparse": "^2.0.1",
        "entities": "^4.4.0",
        "linkify-it": "^5.0.1",
        "mdurl": "^2.0.0",
        "punycode.js": "^2.3.1",
        "uc.micro": "^2.1.0"
      },
      "bin": {
        "markdown-it": "bin/markdown-it.mjs"
      }
    },
    "node_modules/mdurl": {
      "version": "2.0.0",
      "resolved": "https://registry.npmjs.org/mdurl/-/mdurl-2.0.0.tgz",
      "integrity": "sha512-Lf+9+2r+Tdp5wXDXC4PcIBjTDtq4UKjCPMQhKIuzpJNW0b96kVqSwW0bT7FhRSfmAiFYgP+SCRvdrDozfh0U5w==",
      "license": "MIT"
    },
    "node_modules/orderedmap": {
      "version": "2.1.1",
      "resolved": "https://registry.npmjs.org/orderedmap/-/orderedmap-2.1.1.tgz",
      "integrity": "sha512-TvAWxi0nDe1j/rtMcWcIj94+Ffe6n7zhow33h40SKxmsmozs6dz/e+EajymfoFcHd7sxNn8yHM8839uixMOV6g==",
      "license": "MIT"
    },
    "node_modules/prosemirror-changeset": {
      "version": "2.4.1",
      "resolved": "https://registry.npmjs.org/prosemirror-changeset/-/prosemirror-changeset-2.4.1.tgz",
      "integrity": "sha512-96WBLhOaYhJ+kPhLg3uW359Tz6I/MfcrQfL4EGv4SrcqKEMC1gmoGrXHecPE8eOwTVCJ4IwgfzM8fFad25wNfw==",
      "license": "MIT",
      "dependencies": {
        "prosemirror-transform": "^1.0.0"
      }
    },
    "node_modules/prosemirror-collab": {
      "version": "1.3.1",
      "resolved": "https://registry.npmjs.org/prosemirror-collab/-/prosemirror-collab-1.3.1.tgz",
      "integrity": "sha512-4SnynYR9TTYaQVXd/ieUvsVV4PDMBzrq2xPUWutHivDuOshZXqQ5rGbZM84HEaXKbLdItse7weMGOUdDVcLKEQ==",
      "license": "MIT",
      "dependencies": {
        "prosemirror-state": "^1.0.0"
      }
    },
    "node_modules/prosemirror-commands": {
      "version": "1.7.1",
      "resolved": "https://registry.npmjs.org/prosemirror-commands/-/prosemirror-commands-1.7.1.tgz",
      "integrity": "sha512-rT7qZnQtx5c0/y/KlYaGvtG411S97UaL6gdp6RIZ23DLHanMYLyfGBV5DtSnZdthQql7W+lEVbpSfwtO8T+L2w==",
      "license": "MIT",
      "dependencies": {
        "prosemirror-model": "^1.0.0",
        "prosemirror-state": "^1.0.0",
        "prosemirror-transform": "^1.10.2"
      }
    },
    "node_modules/prosemirror-dropcursor": {
      "version": "1.8.2",
      "resolved": "https://registry.npmjs.org/prosemirror-dropcursor/-/prosemirror-dropcursor-1.8.2.tgz",
      "integrity": "sha512-CCk6Gyx9+Tt2sbYk5NK0nB1ukHi2ryaRgadV/LvyNuO3ena1payM2z6Cg0vO1ebK8cxbzo41ku2DE5Axj1Zuiw==",
      "license": "MIT",
      "dependencies": {
        "prosemirror-state": "^1.0.0",
        "prosemirror-transform": "^1.1.0",
        "prosemirror-view": "^1.1.0"
      }
    },
    "node_modules/prosemirror-gapcursor": {
      "version": "1.4.1",
      "resolved": "https://registry.npmjs.org/prosemirror-gapcursor/-/prosemirror-gapcursor-1.4.1.tgz",
      "integrity": "sha512-pMdYaEnjNMSwl11yjEGtgTmLkR08m/Vl+Jj443167p9eB3HVQKhYCc4gmHVDsLPODfZfjr/MmirsdyZziXbQKw==",
      "license": "MIT",
      "dependencies": {
        "prosemirror-keymap": "^1.0.0",
        "prosemirror-model": "^1.0.0",
        "prosemirror-state": "^1.0.0",
        "prosemirror-view": "^1.0.0"
      }
    },
    "node_modules/prosemirror-history": {
      "version": "1.5.0",
      "resolved": "https://registry.npmjs.org/prosemirror-history/-/prosemirror-history-1.5.0.tgz",
      "integrity": "sha512-zlzTiH01eKA55UAf1MEjtssJeHnGxO0j4K4Dpx+gnmX9n+SHNlDqI2oO1Kv1iPN5B1dm5fsljCfqKF9nFL6HRg==",
      "license": "MIT",
      "dependencies": {
        "prosemirror-state": "^1.2.2",
        "prosemirror-transform": "^1.0.0",
        "prosemirror-view": "^1.31.0",
        "rope-sequence": "^1.3.0"
      }
    },
    "node_modules/prosemirror-inputrules": {
      "version": "1.5.1",
      "resolved": "https://registry.npmjs.org/prosemirror-inputrules/-/prosemirror-inputrules-1.5.1.tgz",
      "integrity": "sha512-7wj4uMjKaXWAQ1CDgxNzNtR9AlsuwzHfdFH1ygEHA2KHF2DOEaXl1CJfNPAKCg9qNEh4rum975QLaCiQPyY6Fw==",
      "license": "MIT",
      "dependencies": {
        "prosemirror-state": "^1.0.0",
        "prosemirror-transform": "^1.0.0"
      }
    },
    "node_modules/prosemirror-keymap": {
      "version": "1.2.3",
      "resolved": "https://registry.npmjs.org/prosemirror-keymap/-/prosemirror-keymap-1.2.3.tgz",
      "integrity": "sha512-4HucRlpiLd1IPQQXNqeo81BGtkY8Ai5smHhKW9jjPKRc2wQIxksg7Hl1tTI2IfT2B/LgX6bfYvXxEpJl7aKYKw==",
      "license": "MIT",
      "dependencies": {
        "prosemirror-state": "^1.0.0",
        "w3c-keyname": "^2.2.0"
      }
    },
    "node_modules/prosemirror-markdown": {
      "version": "1.13.4",
      "resolved": "https://registry.npmjs.org/prosemirror-markdown/-/prosemirror-markdown-1.13.4.tgz",
      "integrity": "sha512-D98dm4cQ3Hs6EmjK500TdAOew4Z03EV71ajEFiWra3Upr7diytJsjF4mPV2dW+eK5uNectiRj0xFxYI9NLXDbw==",
      "license": "MIT",
      "dependencies": {
        "@types/markdown-it": "^14.0.0",
        "markdown-it": "^14.0.0",
        "prosemirror-model": "^1.25.0"
      }
    },
    "node_modules/prosemirror-menu": {
      "version": "1.3.2",
      "resolved": "https://registry.npmjs.org/prosemirror-menu/-/prosemirror-menu-1.3.2.tgz",
      "integrity": "sha512-6VgUJTYod0nMBlCaYJGhXGLu7Gt4AvcwcOq0YfJCY/6Uh+3S7UsWhpy6rJFCBFOmonq1hD8KyWOtZhkppd4YPg==",
      "license": "MIT",
      "dependencies": {
        "crelt": "^1.0.0",
        "prosemirror-commands": "^1.0.0",
        "prosemirror-history": "^1.0.0",
        "prosemirror-state": "^1.0.0"
      }
    },
    "node_modules/prosemirror-model": {
      "version": "1.25.7",
      "resolved": "https://registry.npmjs.org/prosemirror-model/-/prosemirror-model-1.25.7.tgz",
      "integrity": "sha512-A79aN8QEFUwI6cax8Yq4Rpcx1TJZ3Kagn+ii7qLo4/V8H3mMiHrhFyhTyHHvpSnOgMPpWiDGSwM3etwrxE50ug==",
      "license": "MIT",
      "dependencies": {
        "orderedmap": "^2.0.0"
      }
    },
    "node_modules/prosemirror-schema-basic": {
      "version": "1.2.4",
      "resolved": "https://registry.npmjs.org/prosemirror-schema-basic/-/prosemirror-schema-basic-1.2.4.tgz",
      "integrity": "sha512-ELxP4TlX3yr2v5rM7Sb70SqStq5NvI15c0j9j/gjsrO5vaw+fnnpovCLEGIcpeGfifkuqJwl4fon6b+KdrODYQ==",
      "license": "MIT",
      "dependencies": {
        "prosemirror-model": "^1.25.0"
      }
    },
    "node_modules/prosemirror-schema-list": {
      "version": "1.5.1",
      "resolved": "https://registry.npmjs.org/prosemirror-schema-list/-/prosemirror-schema-list-1.5.1.tgz",
      "integrity": "sha512-927lFx/uwyQaGwJxLWCZRkjXG0p48KpMj6ueoYiu4JX05GGuGcgzAy62dfiV8eFZftgyBUvLx76RsMe20fJl+Q==",
      "license": "MIT",
      "dependencies": {
        "prosemirror-model": "^1.0.0",
        "prosemirror-state": "^1.0.0",
        "prosemirror-transform": "^1.7.3"
      }
    },
    "node_modules/prosemirror-state": {
      "version": "1.4.4",
      "resolved": "https://registry.npmjs.org/prosemirror-state/-/prosemirror-state-1.4.4.tgz",
      "integrity": "sha512-6jiYHH2CIGbCfnxdHbXZ12gySFY/fz/ulZE333G6bPqIZ4F+TXo9ifiR86nAHpWnfoNjOb3o5ESi7J8Uz1jXHw==",
      "license": "MIT",
      "dependencies": {
        "prosemirror-model": "^1.0.0",
        "prosemirror-transform": "^1.0.0",
        "prosemirror-view": "^1.27.0"
      }
    },
    "node_modules/prosemirror-tables": {
      "version": "1.8.5",
      "resolved": "https://registry.npmjs.org/prosemirror-tables/-/prosemirror-tables-1.8.5.tgz",
      "integrity": "sha512-V/0cDCsHKHe/tfWkeCmthNUcEp1IVO3p6vwN8XtwE9PZQLAZJigbw3QoraAdfJPir4NKJtNvOB8oYGKRl+t0Dw==",
      "license": "MIT",
      "dependencies": {
        "prosemirror-keymap": "^1.2.3",
        "prosemirror-model": "^1.25.4",
        "prosemirror-state": "^1.4.4",
        "prosemirror-transform": "^1.10.5",
        "prosemirror-view": "^1.41.4"
      }
    },
    "node_modules/prosemirror-trailing-node": {
      "version": "3.0.0",
      "resolved": "https://registry.npmjs.org/prosemirror-trailing-node/-/prosemirror-trailing-node-3.0.0.tgz",
      "integrity": "sha512-xiun5/3q0w5eRnGYfNlW1uU9W6x5MoFKWwq/0TIRgt09lv7Hcser2QYV8t4muXbEr+Fwo0geYn79Xs4GKywrRQ==",
      "license": "MIT",
      "dependencies": {
        "@remirror/core-constants": "3.0.0",
        "escape-string-regexp": "^4.0.0"
      },
      "peerDependencies": {
        "prosemirror-model": "^1.22.1",
        "prosemirror-state": "^1.4.2",
        "prosemirror-view": "^1.33.8"
      }
    },
    "node_modules/prosemirror-transform": {
      "version": "1.12.0",
      "resolved": "https://registry.npmjs.org/prosemirror-transform/-/prosemirror-transform-1.12.0.tgz",
      "integrity": "sha512-GxboyN4AMIsoHNtz5uf2r2Ru551i5hWeCMD6E2Ib4Eogqoub0NflniaBPVQ4MrGE5yZ8JV9tUHg9qcZTTrcN4w==",
      "license": "MIT",
      "dependencies": {
        "prosemirror-model": "^1.21.0"
      }
    },
    "node_modules/prosemirror-view": {
      "version": "1.41.8",
      "resolved": "https://registry.npmjs.org/prosemirror-view/-/prosemirror-view-1.41.8.tgz",
      "integrity": "sha512-TnKDdohEatgyZNGCDWIdccOHXhYloJwbwU+phw/a23KBvJIR9lWQWW7WHHK3vBdOLDNuF7TaX98GObUZOWkOnA==",
      "license": "MIT",
      "dependencies": {
        "prosemirror-model": "^1.20.0",
        "prosemirror-state": "^1.0.0",
        "prosemirror-transform": "^1.1.0"
      }
    },
    "node_modules/punycode.js": {
      "version": "2.3.1",
      "resolved": "https://registry.npmjs.org/punycode.js/-/punycode.js-2.3.1.tgz",
      "integrity": "sha512-uxFIHU0YlHYhDQtV4R9J6a52SLx28BCjT+4ieh7IGbgwVJWO+km431c4yRlREUAsAmt/uMjQUyQHNEPf0M39CA==",
      "license": "MIT",
      "engines": {
        "node": ">=6"
      }
    },
    "node_modules/rope-sequence": {
      "version": "1.3.4",
      "resolved": "https://registry.npmjs.org/rope-sequence/-/rope-sequence-1.3.4.tgz",
      "integrity": "sha512-UT5EDe2cu2E/6O4igUr5PSFs23nvvukicWHx6GnOPlHAiiYbzNuCRQCuiUdHJQcqKalLKlrYJnjY0ySGsXNQXQ==",
      "license": "MIT"
    },
    "node_modules/tippy.js": {
      "version": "6.3.7",
      "resolved": "https://registry.npmjs.org/tippy.js/-/tippy.js-6.3.7.tgz",
      "integrity": "sha512-E1d3oP2emgJ9dRQZdf3Kkn0qJgI6ZLpyS5z6ZkY1DF3kaQaBsGZsndEpHwx+eC+tYM41HaSNvNtLx8tU57FzTQ==",
      "license": "MIT",
      "dependencies": {
        "@popperjs/core": "^2.9.0"
      }
    },
    "node_modules/typescript": {
      "version": "5.9.3",
      "resolved": "https://registry.npmjs.org/typescript/-/typescript-5.9.3.tgz",
      "integrity": "sha512-jl1vZzPDinLr9eUt3J/t7V6FgNEw9QjvBPdysz9KfQDD41fQrC2Y4vKQdiaUpFT4bXlb1RHhLpp8wtm6M5TgSw==",
      "dev": true,
      "license": "Apache-2.0",
      "bin": {
        "tsc": "bin/tsc",
        "tsserver": "bin/tsserver"
      },
      "engines": {
        "node": ">=14.17"
      }
    },
    "node_modules/uc.micro": {
      "version": "2.1.0",
      "resolved": "https://registry.npmjs.org/uc.micro/-/uc.micro-2.1.0.tgz",
      "integrity": "sha512-ARDJmphmdvUk6Glw7y9DQ2bFkKBHwQHLi2lsaH6PPmz/Ka9sFOBsBluozhDltWmnv9u/cF6Rt87znRTPV+yp/A==",
      "license": "MIT"
    },
    "node_modules/undici-types": {
      "version": "6.21.0",
      "resolved": "https://registry.npmjs.org/undici-types/-/undici-types-6.21.0.tgz",
      "integrity": "sha512-iwDZqg0QAGrg9Rav5H4n0M64c3mkR59cJ6wQp+7C4nI0gsmExaedaYLNO44eT4AtBBwjbTiGPMlt2Md0T9H9JQ==",
      "dev": true,
      "license": "MIT"
    },
    "node_modules/w3c-keyname": {
      "version": "2.2.8",
      "resolved": "https://registry.npmjs.org/w3c-keyname/-/w3c-keyname-2.2.8.tgz",
      "integrity": "sha512-dpojBhNsCNN7T82Tm7k26A6G9ML3NkhDsnw9n/eoxSRlVBB4CEtIQ/KTCLI2Fwf3ataSXRhYFkQi3SlnFwPvPQ==",
      "license": "MIT"
    }
  }
}
